{
  "lockfileVersion": 1,
  "configVersion": 1,
  "workspaces": {
    "": {
      "name": "citedai",
      "devDependencies": {
        "@types/node": "^22.0.0",
        "turbo": "^2.4.0",
        "typescript": "^5.7.0",
      },
    },
  },
  "packages": {
    "@turbo/darwin-64": ["@turbo/darwin-64@2.8.21", "", { "os": "darwin", "cpu": "x64" }, "sha512-kfGoM0Iw8ZNZpbds+4IzOe0hjvHldqJwUPRAjXJi3KBxg/QOZL95N893SRoMtf2aJ+jJ3dk32yPkp8rvcIjP9g=="],

    "@turbo/darwin-arm64": ["@turbo/darwin-arm64@2.8.21", "", { "os": "darwin", "cpu": "arm64" }, "sha512-o9HEflxUEyr987x0cTUzZBhDOyL6u95JmdmlkH2VyxAw7zq2sdtM5e72y9ufv2N5SIoOBw1fVn9UES5VY5H6vQ=="],

    "@turbo/linux-64": ["@turbo/linux-64@2.8.21", "", { "os": "linux", "cpu": "x64" }, "sha512-uTxlCcXWy5h1fSSymP8XSJ+AudzEHMDV3IDfKX7+DGB8kgJ+SLoTUAH7z4OFA7I/l2sznz0upPdbNNZs91YMag=="],

    "@turbo/linux-arm64": ["@turbo/linux-arm64@2.8.21", "", { "os": "linux", "cpu": "arm64" }, "sha512-cdHIcxNcihHHkCHp0Y4Zb60K4Qz+CK4xw1gb6s/t/9o4SMeMj+hTBCtoW6QpPnl9xPYmxuTou8Zw6+cylTnREg=="],

    "@turbo/windows-64": ["@turbo/windows-64@2.8.21", "", { "os": "win32", "cpu": "x64" }, "sha512-/iBj4OzbqEY8CX+eaeKbBTMZv2CLXNrt0692F7HnK7LcyYwyDecaAiSET6ZzL4opT7sbwkKvzAC/fhqT3Quu1A=="],

    "@turbo/windows-arm64": ["@turbo/windows-arm64@2.8.21", "", { "os": "win32", "cpu": "arm64" }, "sha512-95tMA/ZbIidJFUUtkmqioQ1gf3n3I1YbRP3ZgVdWTVn2qVbkodcIdGXBKRHHrIbRsLRl99SiHi/L7IxhpZDagQ=="],

    "@types/node": ["@types/node@22.19.15", "", { "dependencies": { "undici-types": "~6.21.0" } }, "sha512-F0R/h2+dsy5wJAUe3tAU6oqa2qbWY5TpNfL/RGmo1y38hiyO1w3x2jPtt76wmuaJI4DQnOBu21cNXQ2STIUUWg=="],

    "turbo": ["turbo@2.8.21", "", { "optionalDependencies": { "@turbo/darwin-64": "2.8.21", "@turbo/darwin-arm64": "2.8.21", "@turbo/linux-64": "2.8.21", "@turbo/linux-arm64": "2.8.21", "@turbo/windows-64": "2.8.21", "@turbo/windows-arm64": "2.8.21" }, "bin": { "turbo": "bin/turbo" } }, "sha512-FlJ8OD5Qcp0jTAM7E4a/RhUzRNds2GzKlyxHKA6N247VLy628rrxAGlMpIXSz6VB430+TiQDJ/SMl6PL1lu6wQ=="],

    "typescript": ["typescript@5.9.3", "", { "bin": { "tsc": "bin/tsc", "tsserver": "bin/tsserver" } }, "sha512-jl1vZzPDinLr9eUt3J/t7V6FgNEw9QjvBPdysz9KfQDD41fQrC2Y4vKQdiaUpFT4bXlb1RHhLpp8wtm6M5TgSw=="],

    "undici-types": ["undici-types@6.21.0", "", {}, "sha512-iwDZqg0QAGrg9Rav5H4n0M64c3mkR59cJ6wQp+7C4nI0gsmExaedaYLNO44eT4AtBBwjbTiGPMlt2Md0T9H9JQ=="],
  }
}
